
Microsoft Visual Studio Solution File, Format Version 12.00
# Visual Studio Version 17
VisualStudioVersion = 17.11.35327.3
MinimumVisualStudioVersion = 10.0.40219.1
Project("{FAE04EC0-301F-11D3-BF4B-00C04F79EFBC}") = "TicTacToe.Data", "TicTacToe.Data\TicTacToe.Data.csproj", "{6C4A16FE-B069-4E5A-BB1A-F26C7ED3145C}"
EndProject
Project("{FAE04EC0-301F-11D3-BF4B-00C04F79EFBC}") = "TicTacToe.Infrastructure", "TicTacToe.Infrastructure\TicTacToe.Infrastructure.csproj", "{43738670-A6AB-4AC3-99AF-3626C5B20B65}"
EndProject
Project("{FAE04EC0-301F-11D3-BF4B-00C04F79EFBC}") = "TicTacToe.WinApp", "TicTacToe.WinApp\TicTacToe.WinApp.csproj", "{9210562B-B6BF-4B28-A89B-83215862A2E1}"
EndProject
Global
	GlobalSection(SolutionConfigurationPlatforms) = preSolution
		Debug|Any CPU = Debug|Any CPU
		Release|Any CPU = Release|Any CPU
	EndGlobalSection
	GlobalSection(ProjectConfigurationPlatforms) = postSolution
		{6C4A16FE-B069-4E5A-BB1A-F26C7ED3145C}.Debug|Any CPU.ActiveCfg = Debug|Any CPU
		{6C4A16FE-B069-4E5A-BB1A-F26C7ED3145C}.Debug|Any CPU.Build.0 = Debug|Any CPU
		{6C4A16FE-B069-4E5A-BB1A-F26C7ED3145C}.Release|Any CPU.ActiveCfg = Release|Any CPU
		{6C4A16FE-B069-4E5A-BB1A-F26C7ED3145C}.Release|Any CPU.Build.0 = Release|Any CPU
		{43738670-A6AB-4AC3-99AF-3626C5B20B65}.Debug|Any CPU.ActiveCfg = Debug|Any CPU
		{43738670-A6AB-4AC3-99AF-3626C5B20B65}.Debug|Any CPU.Build.0 = Debug|Any CPU
		{43738670-A6AB-4AC3-99AF-3626C5B20B65}.Release|Any CPU.ActiveCfg = Release|Any CPU
		{43738670-A6AB-4AC3-99AF-3626C5B20B65}.Release|Any CPU.Build.0 = Release|Any CPU
		{9210562B-B6BF-4B28-A89B-83215862A2E1}.Debug|Any CPU.ActiveCfg = Debug|Any CPU
		{9210562B-B6BF-4B28-A89B-83215862A2E1}.Debug|Any CPU.Build.0 = Debug|Any CPU
		{9210562B-B6BF-4B28-A89B-83215862A2E1}.Release|Any CPU.ActiveCfg = Release|Any CPU
		{9210562B-B6BF-4B28-A89B-83215862A2E1}.Release|Any CPU.Build.0 = Release|Any CPU
	EndGlobalSection
	GlobalSection(SolutionProperties) = preSolution
		HideSolutionNode = FALSE
	EndGlobalSection
	GlobalSection(ExtensibilityGlobals) = postSolution
		SolutionGuid = {5E959381-62FF-4E73-88E0-C7A51A57FCC6}
	EndGlobalSection
EndGlobal
